
Microsoft Visual Studio Solution File, Format Version 12.00
# Visual Studio Version 17
VisualStudioVersion = 17.4.33205.214
MinimumVisualStudioVersion = 10.0.40219.1
Project("{FAE04EC0-301F-11D3-BF4B-00C04F79EFBC}") = "OrderProvider", "OrderProvider\OrderProvider.csproj", "{28BAAAC1-5797-A689-79D3-90506E9B76EF}"
EndProject
Project("{FAE04EC0-301F-11D3-BF4B-00C04F79EFBC}") = "OrderProvider.Tests", "OrderProvider.Tests\OrderProvider.Tests.csproj", "{A4E116E3-3D1D-A601-28A0-4A4B287807C5}"
EndProject
Project("{FAE04EC0-301F-11D3-BF4B-00C04F79EFBC}") = "FulfillmentConsumer", "FulfillmentConsumer\FulfillmentConsumer.csproj", "{17E1FBB8-1776-2959-3E68-29CAA52BC717}"
EndProject
Project("{FAE04EC0-301F-11D3-BF4B-00C04F79EFBC}") = "FulfillmentConsumer.Tests", "FulfillmentConsumer.Tests\FulfillmentConsumer.Tests.csproj", "{B19261A6-46EC-2CC7-D2E1-97788C0375FE}"
EndProject
Global
	GlobalSection(SolutionConfigurationPlatforms) = preSolution
		Debug|Any CPU = Debug|Any CPU
		Release|Any CPU = Release|Any CPU
	EndGlobalSection
	GlobalSection(ProjectConfigurationPlatforms) = postSolution
		{28BAAAC1-5797-A689-79D3-90506E9B76EF}.Debug|Any CPU.ActiveCfg = Debug|Any CPU
		{28BAAAC1-5797-A689-79D3-90506E9B76EF}.Debug|Any CPU.Build.0 = Debug|Any CPU
		{28BAAAC1-5797-A689-79D3-90506E9B76EF}.Release|Any CPU.ActiveCfg = Release|Any CPU
		{28BAAAC1-5797-A689-79D3-90506E9B76EF}.Release|Any CPU.Build.0 = Release|Any CPU
		{A4E116E3-3D1D-A601-28A0-4A4B287807C5}.Debug|Any CPU.ActiveCfg = Debug|Any CPU
		{A4E116E3-3D1D-A601-28A0-4A4B287807C5}.Debug|Any CPU.Build.0 = Debug|Any CPU
		{A4E116E3-3D1D-A601-28A0-4A4B287807C5}.Release|Any CPU.ActiveCfg = Release|Any CPU
		{A4E116E3-3D1D-A601-28A0-4A4B287807C5}.Release|Any CPU.Build.0 = Release|Any CPU
		{17E1FBB8-1776-2959-3E68-29CAA52BC717}.Debug|Any CPU.ActiveCfg = Debug|Any CPU
		{17E1FBB8-1776-2959-3E68-29CAA52BC717}.Debug|Any CPU.Build.0 = Debug|Any CPU
		{17E1FBB8-1776-2959-3E68-29CAA52BC717}.Release|Any CPU.ActiveCfg = Release|Any CPU
		{17E1FBB8-1776-2959-3E68-29CAA52BC717}.Release|Any CPU.Build.0 = Release|Any CPU
		{B19261A6-46EC-2CC7-D2E1-97788C0375FE}.Debug|Any CPU.ActiveCfg = Debug|Any CPU
		{B19261A6-46EC-2CC7-D2E1-97788C0375FE}.Debug|Any CPU.Build.0 = Debug|Any CPU
		{B19261A6-46EC-2CC7-D2E1-97788C0375FE}.Release|Any CPU.ActiveCfg = Release|Any CPU
		{B19261A6-46EC-2CC7-D2E1-97788C0375FE}.Release|Any CPU.Build.0 = Release|Any CPU
	EndGlobalSection
	GlobalSection(SolutionProperties) = preSolution
		HideSolutionNode = FALSE
	EndGlobalSection
	GlobalSection(ExtensibilityGlobals) = postSolution
		SolutionGuid = {F9419087-7360-4C42-B736-57E5536D9DD8}
	EndGlobalSection
EndGlobal
